// !$*UTF8*$!
{
	archiveVersion = 1;
	classes = {
	};
	objectVersion = 46;
	objects = {

/* Begin PBXBuildFile section */
		EF7979031D9BB6BC00442022 /* AppDelegate.swift in Sources */ = {isa = PBXBuildFile; fileRef = EF7979021D9BB6BC00442022 /* AppDelegate.swift */; };
		EF7979051D9BB6BC00442022 /* ViewController.swift in Sources */ = {isa = PBXBuildFile; fileRef = EF7979041D9BB6BC00442022 /* ViewController.swift */; };
		EF7979081D9BB6BC00442022 /* Main.storyboard in Resources */ = {isa = PBXBuildFile; fileRef = EF7979061D9BB6BC00442022 /* Main.storyboard */; };
		EF79790B1D9BB6BC00442022 /* coreDataWithSwift.xcdatamodeld in Sources */ = {isa = PBXBuildFile; fileRef = EF7979091D9BB6BC00442022 /* coreDataWithSwift.xcdatamodeld */; };
		EF79790D1D9BB6BC00442022 /* Assets.xcassets in Resources */ = {isa = PBXBuildFile; fileRef = EF79790C1D9BB6BC00442022 /* Assets.xcassets */; };
		EF7979101D9BB6BC00442022 /* LaunchScreen.storyboard in Resources */ = {isa = PBXBuildFile; fileRef = EF79790E1D9BB6BC00442022 /* LaunchScreen.storyboard */; };
		EF79791B1D9BB6BC00442022 /* coreDataWithSwiftTests.swift in Sources */ = {isa = PBXBuildFile; fileRef = EF79791A1D9BB6BC00442022 /* coreDataWithSwiftTests.swift */; };
		EF7979261D9BB6BC00442022 /* coreDataWithSwiftUITests.swift in Sources */ = {isa = PBXBuildFile; fileRef = EF7979251D9BB6BC00442022 /* coreDataWithSwiftUITests.swift */; };
/* End PBXBuildFile section */

/* Begin PBXContainerItemProxy section */
		EF7979171D9BB6BC00442022 /* PBXContainerItemProxy */ = {
			isa = PBXContainerItemProxy;
			containerPortal = EF7978F71D9BB6BC00442022 /* Project object */;
			proxyType = 1;
			remoteGlobalIDString = EF7978FE1D9BB6BC00442022;
			remoteInfo = coreDataWithSwift;
		};
		EF7979221D9BB6BC00442022 /* PBXContainerItemProxy */ = {
			isa = PBXContainerItemProxy;
			containerPortal = EF7978F71D9BB6BC00442022 /* Project object */;
			proxyType = 1;
			remoteGlobalIDString = EF7978FE1D9BB6BC00442022;
			remoteInfo = coreDataWithSwift;
		};
/* End PBXContainerItemProxy section */

/* Begin PBXFileReference section */
		EF7978FF1D9BB6BC00442022 /* coreDataWithSwift.app */ = {isa = PBXFileReference; explicitFileType = wrapper.application; includeInIndex = 0; path = coreDataWithSwift.app; sourceTree = BUILT_PRODUCTS_DIR; };
		EF7979021D9BB6BC00442022 /* AppDelegate.swift */ = {isa = PBXFileReference; lastKnownFileType = sourcecode.swift; path = AppDelegate.swift; sourceTree = "<group>"; };
		EF7979041D9BB6BC00442022 /* ViewController.swift */ = {isa = PBXFileReference; lastKnownFileType = sourcecode.swift; path = ViewController.swift; sourceTree = "<group>"; };
		EF7979071D9BB6BC00442022 /* Base */ = {isa = PBXFileReference; lastKnownFileType = file.storyboard; name = Base; path = Base.lproj/Main.storyboard; sourceTree = "<group>"; };
		EF79790A1D9BB6BC00442022 /* coreDataWithSwift.xcdatamodel */ = {isa = PBXFileReference; lastKnownFileType = wrapper.xcdatamodel; path = coreDataWithSwift.xcdatamodel; sourceTree = "<group>"; };
		EF79790C1D9BB6BC00442022 /* Assets.xcassets */ = {isa = PBXFileReference; lastKnownFileType = folder.assetcatalog; path = Assets.xcassets; sourceTree = "<group>"; };
		EF79790F1D9BB6BC00442022 /* Base */ = {isa = PBXFileReference; lastKnownFileType = file.storyboard; name = Base; path = Base.lproj/LaunchScreen.storyboard; sourceTree = "<group>"; };
		EF7979111D9BB6BC00442022 /* Info.plist */ = {isa = PBXFileReference; lastKnownFileType = text.plist.xml; path = Info.plist; sourceTree = "<group>"; };
		EF7979161D9BB6BC00442022 /* coreDataWithSwiftTests.xctest */ = {isa = PBXFileReference; explicitFileType = wrapper.cfbundle; includeInIndex = 0; path = coreDataWithSwiftTests.xctest; sourceTree = BUILT_PRODUCTS_DIR; };
		EF79791A1D9BB6BC00442022 /* coreDataWithSwiftTests.swift */ = {isa = PBXFileReference; lastKnownFileType = sourcecode.swift; path = coreDataWithSwiftTests.swift; sourceTree = "<group>"; };
		EF79791C1D9BB6BC00442022 /* Info.plist */ = {isa = PBXFileReference; lastKnownFileType = text.plist.xml; path = Info.plist; sourceTree = "<group>"; };
		EF7979211D9BB6BC00442022 /* coreDataWithSwiftUITests.xctest */ = {isa = PBXFileReference; explicitFileType = wrapper.cfbundle; includeInIndex = 0; path = coreDataWithSwiftUITests.xctest; sourceTree = BUILT_PRODUCTS_DIR; };
		EF7979251D9BB6BC00442022 /* coreDataWithSwiftUITests.swift */ = {isa = PBXFileReference; lastKnownFileType = sourcecode.swift; path = coreDataWithSwiftUITests.swift; sourceTree = "<group>"; };
		EF7979271D9BB6BC00442022 /* Info.plist */ = {isa = PBXFileReference; lastKnownFileType = text.plist.xml; path = Info.plist; sourceTree = "<group>"; };
/* End PBXFileReference section */

/* Begin PBXFrameworksBuildPhase section */
		EF7978FC1D9BB6BC00442022 /* Frameworks */ = {
			isa = PBXFrameworksBuildPhase;
			buildActionMask = 2147483647;
			files = (
			);
			runOnlyForDeploymentPostprocessing = 0;
		};
		EF7979131D9BB6BC00442022 /* Frameworks */ = {
			isa = PBXFrameworksBuildPhase;
			buildActionMask = 2147483647;
			files = (
			);
			runOnlyForDeploymentPostprocessing = 0;
		};
		EF79791E1D9BB6BC00442022 /* Frameworks */ = {
			isa = PBXFrameworksBuildPhase;
			buildActionMask = 2147483647;
			files = (
			);
			runOnlyForDeploymentPostprocessing = 0;
		};
/* End PBXFrameworksBuildPhase section */

/* Begin PBXGroup section */
		EF7978F61D9BB6BC00442022 = {
			isa = PBXGroup;
			children = (
				EF7979011D9BB6BC00442022 /* coreDataWithSwift */,
				EF7979191D9BB6BC00442022 /* coreDataWithSwiftTests */,
				EF7979241D9BB6BC00442022 /* coreDataWithSwiftUITests */,
				EF7979001D9BB6BC00442022 /* Products */,
			);
			sourceTree = "<group>";
		};
		EF7979001D9BB6BC00442022 /* Products */ = {
			isa = PBXGroup;
			children = (
				EF7978FF1D9BB6BC00442022 /* coreDataWithSwift.app */,
				EF7979161D9BB6BC00442022 /* coreDataWithSwiftTests.xctest */,
				EF7979211D9BB6BC00442022 /* coreDataWithSwiftUITests.xctest */,
			);
			name = Products;
			sourceTree = "<group>";
		};
		EF7979011D9BB6BC00442022 /* coreDataWithSwift */ = {
			isa = PBXGroup;
			children = (
				EF7979021D9BB6BC00442022 /* AppDelegate.swift */,
				EF7979041D9BB6BC00442022 /* ViewController.swift */,
				EF7979061D9BB6BC00442022 /* Main.storyboard */,
				EF79790C1D9BB6BC00442022 /* Assets.xcassets */,
				EF79790E1D9BB6BC00442022 /* LaunchScreen.storyboard */,
				EF7979111D9BB6BC00442022 /* Info.plist */,
				EF7979091D9BB6BC00442022 /* coreDataWithSwift.xcdatamodeld */,
			);
			path = coreDataWithSwift;
			sourceTree = "<group>";
		};
		EF7979191D9BB6BC00442022 /* coreDataWithSwiftTests */ = {
			isa = PBXGroup;
			children = (
				EF79791A1D9BB6BC00442022 /* coreDataWithSwiftTests.swift */,
				EF79791C1D9BB6BC00442022 /* Info.plist */,
			);
			path = coreDataWithSwiftTests;
			sourceTree = "<group>";
		};
		EF7979241D9BB6BC00442022 /* coreDataWithSwiftUITests */ = {
			isa = PBXGroup;
			children = (
				EF7979251D9BB6BC00442022 /* coreDataWithSwiftUITests.swift */,
				EF7979271D9BB6BC00442022 /* Info.plist */,
			);
			path = coreDataWithSwiftUITests;
			sourceTree = "<group>";
		};
/* End PBXGroup section */

/* Begin PBXNativeTarget section */
		EF7978FE1D9BB6BC00442022 /* coreDataWithSwift */ = {
			isa = PBXNativeTarget;
			buildConfigurationList = EF79792A1D9BB6BC00442022 /* Build configuration list for PBXNativeTarget "coreDataWithSwift" */;
			buildPhases = (
				EF7978FB1D9BB6BC00442022 /* Sources */,
				EF7978FC1D9BB6BC00442022 /* Frameworks */,
				EF7978FD1D9BB6BC00442022 /* Resources */,
			);
			buildRules = (
			);
			dependencies = (
			);
			name = coreDataWithSwift;
			productName = coreDataWithSwift;
			productReference = EF7978FF1D9BB6BC00442022 /* coreDataWithSwift.app */;
			productType = "com.apple.product-type.application";
		};
		EF7979151D9BB6BC00442022 /* coreDataWithSwiftTests */ = {
			isa = PBXNativeTarget;
			buildConfigurationList = EF79792D1D9BB6BC00442022 /* Build configuration list for PBXNativeTarget "coreDataWithSwiftTests" */;
			buildPhases = (
				EF7979121D9BB6BC00442022 /* Sources */,
				EF7979131D9BB6BC00442022 /* Frameworks */,
				EF7979141D9BB6BC00442022 /* Resources */,
			);
			buildRules = (
			);
			dependencies = (
				EF7979181D9BB6BC00442022 /* PBXTargetDependency */,
			);
			name = coreDataWithSwiftTests;
			productName = coreDataWithSwiftTests;
			productReference = EF7979161D9BB6BC00442022 /* coreDataWithSwiftTests.xctest */;
			productType = "com.apple.product-type.bundle.unit-test";
		};
		EF7979201D9BB6BC00442022 /* coreDataWithSwiftUITests */ = {
			isa = PBXNativeTarget;
			buildConfigurationList = EF7979301D9BB6BC00442022 /* Build configuration list for PBXNativeTarget "coreDataWithSwiftUITests" */;
			buildPhases = (
				EF79791D1D9BB6BC00442022 /* Sources */,
				EF79791E1D9BB6BC00442022 /* Frameworks */,
				EF79791F1D9BB6BC00442022 /* Resources */,
			);
			buildRules = (
			);
			dependencies = (
				EF7979231D9BB6BC00442022 /* PBXTargetDependency */,
			);
			name = coreDataWithSwiftUITests;
			productName = coreDataWithSwiftUITests;
			productReference = EF7979211D9BB6BC00442022 /* coreDataWithSwiftUITests.xctest */;
			productType = "com.apple.product-type.bundle.ui-testing";
		};
/* End PBXNativeTarget section */

/* Begin PBXProject section */
		EF7978F71D9BB6BC00442022 /* Project object */ = {
			isa = PBXProject;
			attributes = {
				LastSwiftUpdateCheck = 0730;
				LastUpgradeCheck = 0730;
				ORGANIZATIONNAME = hengg;
				TargetAttributes = {
					EF7978FE1D9BB6BC00442022 = {
						CreatedOnToolsVersion = 7.3.1;
					};
					EF7979151D9BB6BC00442022 = {
						CreatedOnToolsVersion = 7.3.1;
						TestTargetID = EF7978FE1D9BB6BC00442022;
					};
					EF7979201D9BB6BC00442022 = {
						CreatedOnToolsVersion = 7.3.1;
						TestTargetID = EF7978FE1D9BB6BC00442022;
					};
				};
			};
			buildConfigurationList = EF7978FA1D9BB6BC00442022 /* Build configuration list for PBXProject "coreDataWithSwift" */;
			compatibilityVersion = "Xcode 3.2";
			developmentRegion = English;
			hasScannedForEncodings = 0;
			knownRegions = (
				en,
				Base,
			);
			mainGroup = EF7978F61D9BB6BC00442022;
			productRefGroup = EF7979001D9BB6BC00442022 /* Products */;
			projectDirPath = "";
			projectRoot = "";
			targets = (
				EF7978FE1D9BB6BC00442022 /* coreDataWithSwift */,
				EF7979151D9BB6BC00442022 /* coreDataWithSwiftTests */,
				EF7979201D9BB6BC00442022 /* coreDataWithSwiftUITests */,
			);
		};
/* End PBXProject section */

/* Begin PBXResourcesBuildPhase section */
		EF7978FD1D9BB6BC00442022 /* Resources */ = {
			isa = PBXResourcesBuildPhase;
			buildActionMask = 2147483647;
			files = (
				EF7979101D9BB6BC00442022 /* LaunchScreen.storyboard in Resources */,
				EF79790D1D9BB6BC00442022 /* Assets.xcassets in Resources */,
				EF7979081D9BB6BC00442022 /* Main.storyboard in Resources */,
			);
			runOnlyForDeploymentPostprocessing = 0;
		};
		EF7979141D9BB6BC00442022 /* Resources */ = {
			isa = PBXResourcesBuildPhase;
			buildActionMask = 2147483647;
			files = (
			);
			runOnlyForDeploymentPostprocessing = 0;
		};
		EF79791F1D9BB6BC00442022 /* Resources */ = {
			isa = PBXResourcesBuildPhase;
			buildActionMask = 2147483647;
			files = (
			);
			runOnlyForDeploymentPostprocessing = 0;
		};
/* End PBXResourcesBuildPhase section */

/* Begin PBXSourcesBuildPhase section */
		EF7978FB1D9BB6BC00442022 /* Sources */ = {
			isa = PBXSourcesBuildPhase;
			buildActionMask = 2147483647;
			files = (
				EF7979051D9BB6BC00442022 /* ViewController.swift in Sources */,
				EF79790B1D9BB6BC00442022 /* coreDataWithSwift.xcdatamodeld in Sources */,
				EF7979031D9BB6BC00442022 /* AppDelegate.swift in Sources */,
			);
			runOnlyForDeploymentPostprocessing = 0;
		};
		EF7979121D9BB6BC00442022 /* Sources */ = {
			isa = PBXSourcesBuildPhase;
			buildActionMask = 2147483647;
			files = (
				EF79791B1D9BB6BC00442022 /* coreDataWithSwiftTests.swift in Sources */,
			);
			runOnlyForDeploymentPostprocessing = 0;
		};
		EF79791D1D9BB6BC00442022 /* Sources */ = {
			isa = PBXSourcesBuildPhase;
			buildActionMask = 2147483647;
			files = (
				EF7979261D9BB6BC00442022 /* coreDataWithSwiftUITests.swift in Sources */,
			);
			runOnlyForDeploymentPostprocessing = 0;
		};
/* End PBXSourcesBuildPhase section */

/* Begin PBXTargetDependency section */
		EF7979181D9BB6BC00442022 /* PBXTargetDependency */ = {
			isa = PBXTargetDependency;
			target = EF7978FE1D9BB6BC00442022 /* coreDataWithSwift */;
			targetProxy = EF7979171D9BB6BC00442022 /* PBXContainerItemProxy */;
		};
		EF7979231D9BB6BC00442022 /* PBXTargetDependency */ = {
			isa = PBXTargetDependency;
			target = EF7978FE1D9BB6BC00442022 /* coreDataWithSwift */;
			targetProxy = EF7979221D9BB6BC00442022 /* PBXContainerItemProxy */;
		};
/* End PBXTargetDependency section */

/* Begin PBXVariantGroup section */
		EF7979061D9BB6BC00442022 /* Main.storyboard */ = {
			isa = PBXVariantGroup;
			children = (
				EF7979071D9BB6BC00442022 /* Base */,
			);
			name = Main.storyboard;
			sourceTree = "<group>";
		};
		EF79790E1D9BB6BC00442022 /* LaunchScreen.storyboard */ = {
			isa = PBXVariantGroup;
			children = (
				EF79790F1D9BB6BC00442022 /* Base */,
			);
			name = LaunchScreen.storyboard;
			sourceTree = "<group>";
		};
/* End PBXVariantGroup section */

/* Begin XCBuildConfiguration section */
		EF7979281D9BB6BC00442022 /* Debug */ = {
			isa = XCBuildConfiguration;
			buildSettings = {
				ALWAYS_SEARCH_USER_PATHS = NO;
				CLANG_ANALYZER_NONNULL = YES;
				CLANG_CXX_LANGUAGE_STANDARD = "gnu++0x";
				CLANG_CXX_LIBRARY = "libc++";
				CLANG_ENABLE_MODULES = YES;
				CLANG_ENABLE_OBJC_ARC = YES;
				CLANG_WARN_BOOL_CONVERSION = YES;
				CLANG_WARN_CONSTANT_CONVERSION = YES;
				CLANG_WARN_DIRECT_OBJC_ISA_USAGE = YES_ERROR;
				CLANG_WARN_EMPTY_BODY = YES;
				CLANG_WARN_ENUM_CONVERSION = YES;
				CLANG_WARN_INT_CONVERSION = YES;
				CLANG_WARN_OBJC_ROOT_CLASS = YES_ERROR;
				CLANG_WARN_UNREACHABLE_CODE = YES;
				CLANG_WARN__DUPLICATE_METHOD_MATCH = YES;
				"CODE_SIGN_IDENTITY[sdk=iphoneos*]" = "iPhone Developer";
				COPY_PHASE_STRIP = NO;
				DEBUG_INFORMATION_FORMAT = dwarf;
				ENABLE_STRICT_OBJC_MSGSEND = YES;
				ENABLE_TESTABILITY = YES;
				GCC_C_LANGUAGE_STANDARD = gnu99;
				GCC_DYNAMIC_NO_PIC = NO;
				GCC_NO_COMMON_BLOCKS = YES;
				GCC_OPTIMIZATION_LEVEL = 0;
				GCC_PREPROCESSOR_DEFINITIONS = (
					"DEBUG=1",
					"$(inherited)",
				);
				GCC_WARN_64_TO_32_BIT_CONVERSION = YES;
				GCC_WARN_ABOUT_RETURN_TYPE = YES_ERROR;
				GCC_WARN_UNDECLARED_SELECTOR = YES;
				GCC_WARN_UNINITIALIZED_AUTOS = YES_AGGRESSIVE;
				GCC_WARN_UNUSED_FUNCTION = YES;
				GCC_WARN_UNUSED_VARIABLE = YES;
				IPHONEOS_DEPLOYMENT_TARGET = 9.3;
				MTL_ENABLE_DEBUG_INFO = YES;
				ONLY_ACTIVE_ARCH = YES;
				SDKROOT = iphoneos;
				SWIFT_OPTIMIZATION_LEVEL = "-Onone";
			};
			name = Debug;
		};
		EF7979291D9BB6BC00442022 /* Release */ = {
			isa = XCBuildConfiguration;
			buildSettings = {
				ALWAYS_SEARCH_USER_PATHS = NO;
				CLANG_ANALYZER_NONNULL = YES;
				CLANG_CXX_LANGUAGE_STANDARD = "gnu++0x";
				CLANG_CXX_LIBRARY = "libc++";
				CLANG_ENABLE_MODULES = YES;
				CLANG_ENABLE_OBJC_ARC = YES;
				CLANG_WARN_BOOL_CONVERSION = YES;
				CLANG_WARN_CONSTANT_CONVERSION = YES;
				CLANG_WARN_DIRECT_OBJC_ISA_USAGE = YES_ERROR;
				CLANG_WARN_EMPTY_BODY = YES;
				CLANG_WARN_ENUM_CONVERSION = YES;
				CLANG_WARN_INT_CONVERSION = YES;
				CLANG_WARN_OBJC_ROOT_CLASS = YES_ERROR;
				CLANG_WARN_UNREACHABLE_CODE = YES;
				CLANG_WARN__DUPLICATE_METHOD_MATCH = YES;
				"CODE_SIGN_IDENTITY[sdk=iphoneos*]" = "iPhone Developer";
				COPY_PHASE_STRIP = NO;
				DEBUG_INFORMATION_FORMAT = "dwarf-with-dsym";
				ENABLE_NS_ASSERTIONS = NO;
				ENABLE_STRICT_OBJC_MSGSEND = YES;
				GCC_C_LANGUAGE_STANDARD = gnu99;
				GCC_NO_COMMON_BLOCKS = YES;
				GCC_WARN_64_TO_32_BIT_CONVERSION = YES;
				GCC_WARN_ABOUT_RETURN_TYPE = YES_ERROR;
				GCC_WARN_UNDECLARED_SELECTOR = YES;
				GCC_WARN_UNINITIALIZED_AUTOS = YES_AGGRESSIVE;
				GCC_WARN_UNUSED_FUNCTION = YES;
				GCC_WARN_UNUSED_VARIABLE = YES;
				IPHONEOS_DEPLOYMENT_TARGET = 9.3;
				MTL_ENABLE_DEBUG_INFO = NO;
				SDKROOT = iphoneos;
				VALIDATE_PRODUCT = YES;
			};
			name = Release;
		};
		EF79792B1D9BB6BC00442022 /* Debug */ = {
			isa = XCBuildConfiguration;
			buildSettings = {
				ASSETCATALOG_COMPILER_APPICON_NAME = AppIcon;
				INFOPLIST_FILE = coreDataWithSwift/Info.plist;
				LD_RUNPATH_SEARCH_PATHS = "$(inherited) @executable_path/Frameworks";
				PRODUCT_BUNDLE_IDENTIFIER = com.hengg.coreDataWithSwift;
				PRODUCT_NAME = "$(TARGET_NAME)";
			};
			name = Debug;
		};
		EF79792C1D9BB6BC00442022 /* Release */ = {
			isa = XCBuildConfiguration;
			buildSettings = {
				ASSETCATALOG_COMPILER_APPICON_NAME = AppIcon;
				INFOPLIST_FILE = coreDataWithSwift/Info.plist;
				LD_RUNPATH_SEARCH_PATHS = "$(inherited) @executable_path/Frameworks";
				PRODUCT_BUNDLE_IDENTIFIER = com.hengg.coreDataWithSwift;
				PRODUCT_NAME = "$(TARGET_NAME)";
			};
			name = Release;
		};
		EF79792E1D9BB6BC00442022 /* Debug */ = {
			isa = XCBuildConfiguration;
			buildSettings = {
				BUNDLE_LOADER = "$(TEST_HOST)";
				INFOPLIST_FILE = coreDataWithSwiftTests/Info.plist;
				LD_RUNPATH_SEARCH_PATHS = "$(inherited) @executable_path/Frameworks @loader_path/Frameworks";
				PRODUCT_BUNDLE_IDENTIFIER = com.hengg.coreDataWithSwiftTests;
				PRODUCT_NAME = "$(TARGET_NAME)";
				TEST_HOST = "$(BUILT_PRODUCTS_DIR)/coreDataWithSwift.app/coreDataWithSwift";
			};
			name = Debug;
		};
		EF79792F1D9BB6BC00442022 /* Release */ = {
			isa = XCBuildConfiguration;
			buildSettings = {
				BUNDLE_LOADER = "$(TEST_HOST)";
				INFOPLIST_FILE = coreDataWithSwiftTests/Info.plist;
				LD_RUNPATH_SEARCH_PATHS = "$(inherited) @executable_path/Frameworks @loader_path/Frameworks";
				PRODUCT_BUNDLE_IDENTIFIER = com.hengg.coreDataWithSwiftTests;
				PRODUCT_NAME = "$(TARGET_NAME)";
				TEST_HOST = "$(BUILT_PRODUCTS_DIR)/coreDataWithSwift.app/coreDataWithSwift";
			};
			name = Release;
		};
		EF7979311D9BB6BC00442022 /* Debug */ = {
			isa = XCBuildConfiguration;
			buildSettings = {
				INFOPLIST_FILE = coreDataWithSwiftUITests/Info.plist;
				LD_RUNPATH_SEARCH_PATHS = "$(inherited) @executable_path/Frameworks @loader_path/Frameworks";
				PRODUCT_BUNDLE_IDENTIFIER = com.hengg.coreDataWithSwiftUITests;
				PRODUCT_NAME = "$(TARGET_NAME)";
				TEST_TARGET_NAME = coreDataWithSwift;
			};
			name = Debug;
		};
		EF7979321D9BB6BC00442022 /* Release */ = {
			isa = XCBuildConfiguration;
			buildSettings = {
				INFOPLIST_FILE = coreDataWithSwiftUITests/Info.plist;
				LD_RUNPATH_SEARCH_PATHS = "$(inherited) @executable_path/Frameworks @loader_path/Frameworks";
				PRODUCT_BUNDLE_IDENTIFIER = com.hengg.coreDataWithSwiftUITests;
				PRODUCT_NAME = "$(TARGET_NAME)";
				TEST_TARGET_NAME = coreDataWithSwift;
			};
			name = Release;
		};
/* End XCBuildConfiguration section */

/* Begin XCConfigurationList section */
		EF7978FA1D9BB6BC00442022 /* Build configuration list for PBXProject "coreDataWithSwift" */ = {
			isa = XCConfigurationList;
			buildConfigurations = (
				EF7979281D9BB6BC00442022 /* Debug */,
				EF7979291D9BB6BC00442022 /* Release */,
			);
			defaultConfigurationIsVisible = 0;
			defaultConfigurationName = Release;
		};
		EF79792A1D9BB6BC00442022 /* Build configuration list for PBXNativeTarget "coreDataWithSwift" */ = {
			isa = XCConfigurationList;
			buildConfigurations = (
				EF79792B1D9BB6BC00442022 /* Debug */,
				EF79792C1D9BB6BC00442022 /* Release */,
			);
			defaultConfigurationIsVisible = 0;
		};
		EF79792D1D9BB6BC00442022 /* Build configuration list for PBXNativeTarget "coreDataWithSwiftTests" */ = {
			isa = XCConfigurationList;
			buildConfigurations = (
				EF79792E1D9BB6BC00442022 /* Debug */,
				EF79792F1D9BB6BC00442022 /* Release */,
			);
			defaultConfigurationIsVisible = 0;
		};
		EF7979301D9BB6BC00442022 /* Build configuration list for PBXNativeTarget "coreDataWithSwiftUITests" */ = {
			isa = XCConfigurationList;
			buildConfigurations = (
				EF7979311D9BB6BC00442022 /* Debug */,
				EF7979321D9BB6BC00442022 /* Release */,
			);
			defaultConfigurationIsVisible = 0;
		};
/* End XCConfigurationList section */

/* Begin XCVersionGroup section */
		EF7979091D9BB6BC00442022 /* coreDataWithSwift.xcdatamodeld */ = {
			isa = XCVersionGroup;
			children = (
				EF79790A1D9BB6BC00442022 /* coreDataWithSwift.xcdatamodel */,
			);
			currentVersion = EF79790A1D9BB6BC00442022 /* coreDataWithSwift.xcdatamodel */;
			path = coreDataWithSwift.xcdatamodeld;
			sourceTree = "<group>";
			versionGroupType = wrapper.xcdatamodel;
		};
/* End XCVersionGroup section */
	};
	rootObject = EF7978F71D9BB6BC00442022 /* Project object */;
}
